// !$*UTF8*$!
{
	archiveVersion = 1;
	classes = {
	};
	objectVersion = 77;
	objects = {

/* Begin PBXBuildFile section */
		6876A072BF997BA6DFFE32EA /* RootTabView.swift in Sources */ = {isa = PBXBuildFile; fileRef = 35E1D19CBCB78621A1031B9E /* RootTabView.swift */; };
		9606E7E8484E91C9DAB6DB34 /* LazyChefApp.swift in Sources */ = {isa = PBXBuildFile; fileRef = 08F6A552817F918E6F159943 /* LazyChefApp.swift */; };
		C5D26B745F032134B76B035E /* AppConfig.swift in Sources */ = {isa = PBXBuildFile; fileRef = E848BF39FDBC4D03A5F76491 /* AppConfig.swift */; };
		D6B97E410418C28680BB6282 /* RevenueCat in Frameworks */ = {isa = PBXBuildFile; productRef = 396B7CED3C7894BFD828B8FC /* RevenueCat */; };
		E4EE4963136C9D6122DE224B /* PrivacyInfo.xcprivacy in Resources */ = {isa = PBXBuildFile; fileRef = E7CC1254D0F1B2D109008E07 /* PrivacyInfo.xcprivacy */; };
		F237FD62914673B786F1C087 /* SmokeTests.swift in Sources */ = {isa = PBXBuildFile; fileRef = 548BDFDCDBB94420D9818A8C /* SmokeTests.swift */; };
/* End PBXBuildFile section */

/* Begin PBXContainerItemProxy section */
		F0513DBF141BAD5E3D095805 /* PBXContainerItemProxy */ = {
			isa = PBXContainerItemProxy;
			containerPortal = 62E41661A2FDD69B778F159E /* Project object */;
			proxyType = 1;
			remoteGlobalIDString = 757E2935CDD150FFFD3385CC;
			remoteInfo = LazyChef;
		};
/* End PBXContainerItemProxy section */

/* Begin PBXFileReference section */
		08F6A552817F918E6F159943 /* LazyChefApp.swift */ = {isa = PBXFileReference; lastKnownFileType = sourcecode.swift; path = LazyChefApp.swift; sourceTree = "<group>"; };
		319CEBBF5C1732A1B54F7DC7 /* LazyChef.app */ = {isa = PBXFileReference; includeInIndex = 0; lastKnownFileType = wrapper.application; path = LazyChef.app; sourceTree = BUILT_PRODUCTS_DIR; };
		35E1D19CBCB78621A1031B9E /* RootTabView.swift */ = {isa = PBXFileReference; lastKnownFileType = sourcecode.swift; path = RootTabView.swift; sourceTree = "<group>"; };
		4D7C1008FBDCBEDB04F4EA5E /* Shared.xcconfig */ = {isa = PBXFileReference; lastKnownFileType = text.xcconfig; path = Shared.xcconfig; sourceTree = "<group>"; };
		548BDFDCDBB94420D9818A8C /* SmokeTests.swift */ = {isa = PBXFileReference; lastKnownFileType = sourcecode.swift; path = SmokeTests.swift; sourceTree = "<group>"; };
		7475E1E5001E647CA89E6078 /* Info.plist */ = {isa = PBXFileReference; lastKnownFileType = text.plist; path = Info.plist; sourceTree = "<group>"; };
		E7CC1254D0F1B2D109008E07 /* PrivacyInfo.xcprivacy */ = {isa = PBXFileReference; path = PrivacyInfo.xcprivacy; sourceTree = "<group>"; };
		E848BF39FDBC4D03A5F76491 /* AppConfig.swift */ = {isa = PBXFileReference; lastKnownFileType = sourcecode.swift; path = AppConfig.swift; sourceTree = "<group>"; };
		F4AF3075C3BAE416A17CF314 /* LazyChefTests.xctest */ = {isa = PBXFileReference; includeInIndex = 0; lastKnownFileType = wrapper.cfbundle; path = LazyChefTests.xctest; sourceTree = BUILT_PRODUCTS_DIR; };
/* End PBXFileReference section */

/* Begin PBXFrameworksBuildPhase section */
		7E267037DF96DE610117A905 /* Frameworks */ = {
			isa = PBXFrameworksBuildPhase;
			buildActionMask = 2147483647;
			files = (
				D6B97E410418C28680BB6282 /* RevenueCat in Frameworks */,
			);
			runOnlyForDeploymentPostprocessing = 0;
		};
/* End PBXFrameworksBuildPhase section */

/* Begin PBXGroup section */
		0183830919A326E5396CAAA9 /* LazyChef */ = {
			isa = PBXGroup;
			children = (
				7475E1E5001E647CA89E6078 /* Info.plist */,
				98CBD77B47B247051E24E7A8 /* App */,
			);
			path = LazyChef;
			sourceTree = "<group>";
		};
		56D4F8C00D4F7EB3D66DCE58 /* LazyChefTests */ = {
			isa = PBXGroup;
			children = (
				548BDFDCDBB94420D9818A8C /* SmokeTests.swift */,
			);
			path = LazyChefTests;
			sourceTree = "<group>";
		};
		7F5A32695C2934130A0C0D8B /* Products */ = {
			isa = PBXGroup;
			children = (
				319CEBBF5C1732A1B54F7DC7 /* LazyChef.app */,
				F4AF3075C3BAE416A17CF314 /* LazyChefTests.xctest */,
			);
			name = Products;
			sourceTree = "<group>";
		};
		826481CDB5FB068C9D283AF0 /* ios */ = {
			isa = PBXGroup;
			children = (
				EECB65428054D65E406E7071 /* Config */,
				0183830919A326E5396CAAA9 /* LazyChef */,
				56D4F8C00D4F7EB3D66DCE58 /* LazyChefTests */,
			);
			path = ios;
			sourceTree = "<group>";
		};
		98CBD77B47B247051E24E7A8 /* App */ = {
			isa = PBXGroup;
			children = (
				E848BF39FDBC4D03A5F76491 /* AppConfig.swift */,
				08F6A552817F918E6F159943 /* LazyChefApp.swift */,
				35E1D19CBCB78621A1031B9E /* RootTabView.swift */,
			);
			path = App;
			sourceTree = "<group>";
		};
		C2E2845AE890AD26C4F6493F = {
			isa = PBXGroup;
			children = (
				826481CDB5FB068C9D283AF0 /* ios */,
				7F5A32695C2934130A0C0D8B /* Products */,
			);
			sourceTree = "<group>";
		};
		EECB65428054D65E406E7071 /* Config */ = {
			isa = PBXGroup;
			children = (
				E7CC1254D0F1B2D109008E07 /* PrivacyInfo.xcprivacy */,
				4D7C1008FBDCBEDB04F4EA5E /* Shared.xcconfig */,
			);
			path = Config;
			sourceTree = "<group>";
		};
/* End PBXGroup section */

/* Begin PBXNativeTarget section */
		40DB89FBE06FEAC56A6B2B8E /* LazyChefTests */ = {
			isa = PBXNativeTarget;
			buildConfigurationList = 7C1A73975638348C8759FF14 /* Build configuration list for PBXNativeTarget "LazyChefTests" */;
			buildPhases = (
				2C167A0A6816B8B858E4C08A /* Sources */,
			);
			buildRules = (
			);
			dependencies = (
				85873EBDD9993D87F1ADF4FF /* PBXTargetDependency */,
			);
			name = LazyChefTests;
			packageProductDependencies = (
			);
			productName = LazyChefTests;
			productReference = F4AF3075C3BAE416A17CF314 /* LazyChefTests.xctest */;
			productType = "com.apple.product-type.bundle.unit-test";
		};
		757E2935CDD150FFFD3385CC /* LazyChef */ = {
			isa = PBXNativeTarget;
			buildConfigurationList = F4A43893DE5A348D919D4E97 /* Build configuration list for PBXNativeTarget "LazyChef" */;
			buildPhases = (
				E3ED084EB2A26050054A77A8 /* Sources */,
				52C39E871687448CA1FC96BF /* Resources */,
				7E267037DF96DE610117A905 /* Frameworks */,
			);
			buildRules = (
			);
			dependencies = (
			);
			name = LazyChef;
			packageProductDependencies = (
				396B7CED3C7894BFD828B8FC /* RevenueCat */,
			);
			productName = LazyChef;
			productReference = 319CEBBF5C1732A1B54F7DC7 /* LazyChef.app */;
			productType = "com.apple.product-type.application";
		};
/* End PBXNativeTarget section */

/* Begin PBXProject section */
		62E41661A2FDD69B778F159E /* Project object */ = {
			isa = PBXProject;
			attributes = {
				BuildIndependentTargetsInParallel = YES;
				LastUpgradeCheck = 1430;
				TargetAttributes = {
					40DB89FBE06FEAC56A6B2B8E = {
						ProvisioningStyle = Automatic;
					};
					757E2935CDD150FFFD3385CC = {
						ProvisioningStyle = Automatic;
					};
				};
			};
			buildConfigurationList = 17ABC877C7836FD3ABA338F9 /* Build configuration list for PBXProject "LazyChef" */;
			developmentRegion = en;
			hasScannedForEncodings = 0;
			knownRegions = (
				Base,
				en,
			);
			mainGroup = C2E2845AE890AD26C4F6493F;
			minimizedProjectReferenceProxies = 1;
			packageReferences = (
				2D16C343EA032EDD240C187A /* XCRemoteSwiftPackageReference "purchases-ios" */,
			);
			preferredProjectObjectVersion = 77;
			productRefGroup = 7F5A32695C2934130A0C0D8B /* Products */;
			projectDirPath = "";
			projectRoot = "";
			targets = (
				757E2935CDD150FFFD3385CC /* LazyChef */,
				40DB89FBE06FEAC56A6B2B8E /* LazyChefTests */,
			);
		};
/* End PBXProject section */

/* Begin PBXResourcesBuildPhase section */
		52C39E871687448CA1FC96BF /* Resources */ = {
			isa = PBXResourcesBuildPhase;
			buildActionMask = 2147483647;
			files = (
				E4EE4963136C9D6122DE224B /* PrivacyInfo.xcprivacy in Resources */,
			);
			runOnlyForDeploymentPostprocessing = 0;
		};
/* End PBXResourcesBuildPhase section */

/* Begin PBXSourcesBuildPhase section */
		2C167A0A6816B8B858E4C08A /* Sources */ = {
			isa = PBXSourcesBuildPhase;
			buildActionMask = 2147483647;
			files = (
				F237FD62914673B786F1C087 /* SmokeTests.swift in Sources */,
			);
			runOnlyForDeploymentPostprocessing = 0;
		};
		E3ED084EB2A26050054A77A8 /* Sources */ = {
			isa = PBXSourcesBuildPhase;
			buildActionMask = 2147483647;
			files = (
				C5D26B745F032134B76B035E /* AppConfig.swift in Sources */,
				9606E7E8484E91C9DAB6DB34 /* LazyChefApp.swift in Sources */,
				6876A072BF997BA6DFFE32EA /* RootTabView.swift in Sources */,
			);
			runOnlyForDeploymentPostprocessing = 0;
		};
/* End PBXSourcesBuildPhase section */

/* Begin PBXTargetDependency section */
		85873EBDD9993D87F1ADF4FF /* PBXTargetDependency */ = {
			isa = PBXTargetDependency;
			target = 757E2935CDD150FFFD3385CC /* LazyChef */;
			targetProxy = F0513DBF141BAD5E3D095805 /* PBXContainerItemProxy */;
		};
/* End PBXTargetDependency section */

/* Begin XCBuildConfiguration section */
		7307CBBB3D0CAA5BA1FDFB04 /* Release */ = {
			isa = XCBuildConfiguration;
			buildSettings = {
				BUNDLE_LOADER = "$(TEST_HOST)";
				GENERATE_INFOPLIST_FILE = YES;
				LD_RUNPATH_SEARCH_PATHS = (
					"$(inherited)",
					"@executable_path/Frameworks",
					"@loader_path/Frameworks",
				);
				PRODUCT_BUNDLE_IDENTIFIER = com.lazychefapp.LazyChefTests;
				SDKROOT = iphoneos;
				TARGETED_DEVICE_FAMILY = "1,2";
				TEST_HOST = "$(BUILT_PRODUCTS_DIR)/LazyChef.app/LazyChef";
			};
			name = Release;
		};
		80E07F4803D3D008E00DC872 /* Debug */ = {
			isa = XCBuildConfiguration;
			baseConfigurationReference = 4D7C1008FBDCBEDB04F4EA5E /* Shared.xcconfig */;
			buildSettings = {
				ASSETCATALOG_COMPILER_APPICON_NAME = AppIcon;
				CODE_SIGN_IDENTITY = "iPhone Developer";
				INFOPLIST_FILE = ios/LazyChef/Info.plist;
				LD_RUNPATH_SEARCH_PATHS = (
					"$(inherited)",
					"@executable_path/Frameworks",
				);
				PRODUCT_BUNDLE_IDENTIFIER = com.lazychefapp.app;
				SDKROOT = iphoneos;
				TARGETED_DEVICE_FAMILY = "1,2";
			};
			name = Debug;
		};
		8FB788E33F085DB7366A3CA2 /* Release */ = {
			isa = XCBuildConfiguration;
			baseConfigurationReference = 4D7C1008FBDCBEDB04F4EA5E /* Shared.xcconfig */;
			buildSettings = {
				ASSETCATALOG_COMPILER_APPICON_NAME = AppIcon;
				CODE_SIGN_IDENTITY = "iPhone Developer";
				INFOPLIST_FILE = ios/LazyChef/Info.plist;
				LD_RUNPATH_SEARCH_PATHS = (
					"$(inherited)",
					"@executable_path/Frameworks",
				);
				PRODUCT_BUNDLE_IDENTIFIER = com.lazychefapp.app;
				SDKROOT = iphoneos;
				TARGETED_DEVICE_FAMILY = "1,2";
			};
			name = Release;
		};
		D61E8C8B810BA4218110B771 /* Debug */ = {
			isa = XCBuildConfiguration;
			buildSettings = {
				ALWAYS_SEARCH_USER_PATHS = NO;
				CLANG_ANALYZER_NONNULL = YES;
				CLANG_ANALYZER_NUMBER_OBJECT_CONVERSION = YES_AGGRESSIVE;
				CLANG_CXX_LANGUAGE_STANDARD = "gnu++14";
				CLANG_CXX_LIBRARY = "libc++";
				CLANG_ENABLE_MODULES = YES;
				CLANG_ENABLE_OBJC_ARC = YES;
				CLANG_ENABLE_OBJC_WEAK = YES;
				CLANG_WARN_BLOCK_CAPTURE_AUTORELEASING = YES;
				CLANG_WARN_BOOL_CONVERSION = YES;
				CLANG_WARN_COMMA = YES;
				CLANG_WARN_CONSTANT_CONVERSION = YES;
				CLANG_WARN_DEPRECATED_OBJC_IMPLEMENTATIONS = YES;
				CLANG_WARN_DIRECT_OBJC_ISA_USAGE = YES_ERROR;
				CLANG_WARN_DOCUMENTATION_COMMENTS = YES;
				CLANG_WARN_EMPTY_BODY = YES;
				CLANG_WARN_ENUM_CONVERSION = YES;
				CLANG_WARN_INFINITE_RECURSION = YES;
				CLANG_WARN_INT_CONVERSION = YES;
				CLANG_WARN_NON_LITERAL_NULL_CONVERSION = YES;
				CLANG_WARN_OBJC_IMPLICIT_RETAIN_SELF = YES;
				CLANG_WARN_OBJC_LITERAL_CONVERSION = YES;
				CLANG_WARN_OBJC_ROOT_CLASS = YES_ERROR;
				CLANG_WARN_QUOTED_INCLUDE_IN_FRAMEWORK_HEADER = YES;
				CLANG_WARN_RANGE_LOOP_ANALYSIS = YES;
				CLANG_WARN_STRICT_PROTOTYPES = YES;
				CLANG_WARN_SUSPICIOUS_MOVE = YES;
				CLANG_WARN_UNGUARDED_AVAILABILITY = YES_AGGRESSIVE;
				CLANG_WARN_UNREACHABLE_CODE = YES;
				CLANG_WARN__DUPLICATE_METHOD_MATCH = YES;
				CODE_SIGN_STYLE = Automatic;
				COPY_PHASE_STRIP = NO;
				CURRENT_PROJECT_VERSION = 1;
				DEBUG_INFORMATION_FORMAT = dwarf;
				ENABLE_STRICT_OBJC_MSGSEND = YES;
				ENABLE_TESTABILITY = YES;
				GCC_C_LANGUAGE_STANDARD = gnu11;
				GCC_DYNAMIC_NO_PIC = NO;
				GCC_NO_COMMON_BLOCKS = YES;
				GCC_OPTIMIZATION_LEVEL = 0;
				GCC_PREPROCESSOR_DEFINITIONS = (
					"$(inherited)",
					"DEBUG=1",
				);
				GCC_WARN_64_TO_32_BIT_CONVERSION = YES;
				GCC_WARN_ABOUT_RETURN_TYPE = YES_ERROR;
				GCC_WARN_UNDECLARED_SELECTOR = YES;
				GCC_WARN_UNINITIALIZED_AUTOS = YES_AGGRESSIVE;
				GCC_WARN_UNUSED_FUNCTION = YES;
				GCC_WARN_UNUSED_VARIABLE = YES;
				IPHONEOS_DEPLOYMENT_TARGET = 17.0;
				MARKETING_VERSION = 0.1.0;
				MTL_ENABLE_DEBUG_INFO = INCLUDE_SOURCE;
				MTL_FAST_MATH = YES;
				ONLY_ACTIVE_ARCH = YES;
				PRODUCT_NAME = "$(TARGET_NAME)";
				SDKROOT = iphoneos;
				SWIFT_ACTIVE_COMPILATION_CONDITIONS = DEBUG;
				SWIFT_OPTIMIZATION_LEVEL = "-Onone";
				SWIFT_VERSION = 5.0;
				TARGETED_DEVICE_FAMILY = 1;
			};
			name = Debug;
		};
		D78E53199397030420F3E8EA /* Debug */ = {
			isa = XCBuildConfiguration;
			buildSettings = {
				BUNDLE_LOADER = "$(TEST_HOST)";
				GENERATE_INFOPLIST_FILE = YES;
				LD_RUNPATH_SEARCH_PATHS = (
					"$(inherited)",
					"@executable_path/Frameworks",
					"@loader_path/Frameworks",
				);
				PRODUCT_BUNDLE_IDENTIFIER = com.lazychefapp.LazyChefTests;
				SDKROOT = iphoneos;
				TARGETED_DEVICE_FAMILY = "1,2";
				TEST_HOST = "$(BUILT_PRODUCTS_DIR)/LazyChef.app/LazyChef";
			};
			name = Debug;
		};
		EB202E15EBABA86CC05106E0 /* Release */ = {
			isa = XCBuildConfiguration;
			buildSettings = {
				ALWAYS_SEARCH_USER_PATHS = NO;
				CLANG_ANALYZER_NONNULL = YES;
				CLANG_ANALYZER_NUMBER_OBJECT_CONVERSION = YES_AGGRESSIVE;
				CLANG_CXX_LANGUAGE_STANDARD = "gnu++14";
				CLANG_CXX_LIBRARY = "libc++";
				CLANG_ENABLE_MODULES = YES;
				CLANG_ENABLE_OBJC_ARC = YES;
				CLANG_ENABLE_OBJC_WEAK = YES;
				CLANG_WARN_BLOCK_CAPTURE_AUTORELEASING = YES;
				CLANG_WARN_BOOL_CONVERSION = YES;
				CLANG_WARN_COMMA = YES;
				CLANG_WARN_CONSTANT_CONVERSION = YES;
				CLANG_WARN_DEPRECATED_OBJC_IMPLEMENTATIONS = YES;
				CLANG_WARN_DIRECT_OBJC_ISA_USAGE = YES_ERROR;
				CLANG_WARN_DOCUMENTATION_COMMENTS = YES;
				CLANG_WARN_EMPTY_BODY = YES;
				CLANG_WARN_ENUM_CONVERSION = YES;
				CLANG_WARN_INFINITE_RECURSION = YES;
				CLANG_WARN_INT_CONVERSION = YES;
				CLANG_WARN_NON_LITERAL_NULL_CONVERSION = YES;
				CLANG_WARN_OBJC_IMPLICIT_RETAIN_SELF = YES;
				CLANG_WARN_OBJC_LITERAL_CONVERSION = YES;
				CLANG_WARN_OBJC_ROOT_CLASS = YES_ERROR;
				CLANG_WARN_QUOTED_INCLUDE_IN_FRAMEWORK_HEADER = YES;
				CLANG_WARN_RANGE_LOOP_ANALYSIS = YES;
				CLANG_WARN_STRICT_PROTOTYPES = YES;
				CLANG_WARN_SUSPICIOUS_MOVE = YES;
				CLANG_WARN_UNGUARDED_AVAILABILITY = YES_AGGRESSIVE;
				CLANG_WARN_UNREACHABLE_CODE = YES;
				CLANG_WARN__DUPLICATE_METHOD_MATCH = YES;
				CODE_SIGN_STYLE = Automatic;
				COPY_PHASE_STRIP = NO;
				CURRENT_PROJECT_VERSION = 1;
				DEBUG_INFORMATION_FORMAT = "dwarf-with-dsym";
				ENABLE_NS_ASSERTIONS = NO;
				ENABLE_STRICT_OBJC_MSGSEND = YES;
				GCC_C_LANGUAGE_STANDARD = gnu11;
				GCC_NO_COMMON_BLOCKS = YES;
				GCC_WARN_64_TO_32_BIT_CONVERSION = YES;
				GCC_WARN_ABOUT_RETURN_TYPE = YES_ERROR;
				GCC_WARN_UNDECLARED_SELECTOR = YES;
				GCC_WARN_UNINITIALIZED_AUTOS = YES_AGGRESSIVE;
				GCC_WARN_UNUSED_FUNCTION = YES;
				GCC_WARN_UNUSED_VARIABLE = YES;
				IPHONEOS_DEPLOYMENT_TARGET = 17.0;
				MARKETING_VERSION = 0.1.0;
				MTL_ENABLE_DEBUG_INFO = NO;
				MTL_FAST_MATH = YES;
				PRODUCT_NAME = "$(TARGET_NAME)";
				SDKROOT = iphoneos;
				SWIFT_COMPILATION_MODE = wholemodule;
				SWIFT_OPTIMIZATION_LEVEL = "-O";
				SWIFT_VERSION = 5.0;
				TARGETED_DEVICE_FAMILY = 1;
			};
			name = Release;
		};
/* End XCBuildConfiguration section */

/* Begin XCConfigurationList section */
		17ABC877C7836FD3ABA338F9 /* Build configuration list for PBXProject "LazyChef" */ = {
			isa = XCConfigurationList;
			buildConfigurations = (
				D61E8C8B810BA4218110B771 /* Debug */,
				EB202E15EBABA86CC05106E0 /* Release */,
			);
			defaultConfigurationIsVisible = 0;
			defaultConfigurationName = Debug;
		};
		7C1A73975638348C8759FF14 /* Build configuration list for PBXNativeTarget "LazyChefTests" */ = {
			isa = XCConfigurationList;
			buildConfigurations = (
				D78E53199397030420F3E8EA /* Debug */,
				7307CBBB3D0CAA5BA1FDFB04 /* Release */,
			);
			defaultConfigurationIsVisible = 0;
			defaultConfigurationName = Debug;
		};
		F4A43893DE5A348D919D4E97 /* Build configuration list for PBXNativeTarget "LazyChef" */ = {
			isa = XCConfigurationList;
			buildConfigurations = (
				80E07F4803D3D008E00DC872 /* Debug */,
				8FB788E33F085DB7366A3CA2 /* Release */,
			);
			defaultConfigurationIsVisible = 0;
			defaultConfigurationName = Debug;
		};
/* End XCConfigurationList section */

/* Begin XCRemoteSwiftPackageReference section */
		2D16C343EA032EDD240C187A /* XCRemoteSwiftPackageReference "purchases-ios" */ = {
			isa = XCRemoteSwiftPackageReference;
			repositoryURL = "https://github.com/RevenueCat/purchases-ios";
			requirement = {
				kind = upToNextMajorVersion;
				minimumVersion = 5.0.0;
			};
		};
/* End XCRemoteSwiftPackageReference section */

/* Begin XCSwiftPackageProductDependency section */
		396B7CED3C7894BFD828B8FC /* RevenueCat */ = {
			isa = XCSwiftPackageProductDependency;
			package = 2D16C343EA032EDD240C187A /* XCRemoteSwiftPackageReference "purchases-ios" */;
			productName = RevenueCat;
		};
/* End XCSwiftPackageProductDependency section */
	};
	rootObject = 62E41661A2FDD69B778F159E /* Project object */;
}
